
Microsoft Visual Studio Solution File, Format Version 12.00
# Visual Studio Version 17
VisualStudioVersion = 17.1.32228.430
MinimumVisualStudioVersion = 10.0.40219.1
Project("{9A19103F-16F7-4668-BE54-9A1E7A4F7556}") = "BCP.Sap.Microservicio.OperacionesDB", "BCP.Sap.Microservicio.OperacionesDB\BCP.Sap.Microservicio.OperacionesDB.csproj", "{97D236A0-29B2-4A9D-BB0C-D08DBBF563D0}"
EndProject
Project("{9A19103F-16F7-4668-BE54-9A1E7A4F7556}") = "BCP.Framework.Logs", "BCP.Framework.Logs\BCP.Framework.Logs.csproj", "{3C357E86-EE96-48D6-A065-7070B032B878}"
EndProject
Project("{9A19103F-16F7-4668-BE54-9A1E7A4F7556}") = "BCP.Framework.Security", "BCP.Framework.Security\BCP.Framework.Security.csproj", "{59A4B027-6CA1-4479-936E-023C9B251FAE}"
EndProject
Project("{9A19103F-16F7-4668-BE54-9A1E7A4F7556}") = "BCP.Sap.Models", "BCP.Sap.Models\BCP.Sap.Models.csproj", "{913553F1-13C3-4603-BAAF-56DE9B7E53F4}"
EndProject
Project("{9A19103F-16F7-4668-BE54-9A1E7A4F7556}") = "BCP.Framework.Common", "BCP.Framework.Common\BCP.Framework.Common.csproj", "{5C3B4586-F470-4A86-A546-83C11FD66D40}"
EndProject
Project("{9A19103F-16F7-4668-BE54-9A1E7A4F7556}") = "BCP.Sap.Connectors", "BCP.Sap.Connectors\BCP.Sap.Connectors.csproj", "{04ACA79F-F7F7-439B-8432-2B139CBDE51A}"
EndProject
Project("{9A19103F-16F7-4668-BE54-9A1E7A4F7556}") = "BCP.Sap.Business", "BCP.Sap.Business\BCP.Sap.Business.csproj", "{42429A02-D57F-483D-9044-A3DAB0D663E7}"
EndProject
Project("{9A19103F-16F7-4668-BE54-9A1E7A4F7556}") = "BCP.Sap.Authentication", "BCP.Sap.Authentication\BCP.Sap.Authentication.csproj", "{22A2F145-A407-425A-AB91-2F23A43EDAFD}"
EndProject
Project("{2150E333-8FDC-42A3-9474-1A3956D46DE8}") = "Aplication", "Aplication", "{B7630295-2768-4AE6-A885-DC8C3F42B009}"
EndProject
Project("{2150E333-8FDC-42A3-9474-1A3956D46DE8}") = "Framework", "Framework", "{3C59B2AE-488D-4164-B773-F028201C274C}"
EndProject
Project("{2150E333-8FDC-42A3-9474-1A3956D46DE8}") = "Logs", "Logs", "{AC66A92A-2FA7-4A96-A09C-74D10C670ED7}"
EndProject
Project("{2150E333-8FDC-42A3-9474-1A3956D46DE8}") = "Security", "Security", "{6D41E418-C14C-4F6E-A300-007BE0DFD613}"
EndProject
Project("{2150E333-8FDC-42A3-9474-1A3956D46DE8}") = "Business", "Business", "{5FD04CBA-6E2B-429F-B35C-F7FF32BE491C}"
EndProject
Project("{2150E333-8FDC-42A3-9474-1A3956D46DE8}") = "Connectors", "Connectors", "{00BA5A2F-0233-4E8E-8E31-1F73D43B72A6}"
EndProject
Project("{2150E333-8FDC-42A3-9474-1A3956D46DE8}") = "Authentication", "Authentication", "{31E14B27-D2D7-4AE4-A86C-5DD21032C318}"
EndProject
Project("{2150E333-8FDC-42A3-9474-1A3956D46DE8}") = "DataAccess", "DataAccess", "{92C9D41D-E2EE-4A75-8AE5-C3B37D3424C9}"
EndProject
Project("{2150E333-8FDC-42A3-9474-1A3956D46DE8}") = "Models", "Models", "{76C52322-333D-4B37-BCF4-C78611CAAD3E}"
EndProject
Global
	GlobalSection(SolutionConfigurationPlatforms) = preSolution
		Debug|Any CPU = Debug|Any CPU
		Release|Any CPU = Release|Any CPU
	EndGlobalSection
	GlobalSection(ProjectConfigurationPlatforms) = postSolution
		{97D236A0-29B2-4A9D-BB0C-D08DBBF563D0}.Debug|Any CPU.ActiveCfg = Debug|Any CPU
		{97D236A0-29B2-4A9D-BB0C-D08DBBF563D0}.Debug|Any CPU.Build.0 = Debug|Any CPU
		{97D236A0-29B2-4A9D-BB0C-D08DBBF563D0}.Release|Any CPU.ActiveCfg = Release|Any CPU
		{97D236A0-29B2-4A9D-BB0C-D08DBBF563D0}.Release|Any CPU.Build.0 = Release|Any CPU
		{3C357E86-EE96-48D6-A065-7070B032B878}.Debug|Any CPU.ActiveCfg = Debug|Any CPU
		{3C357E86-EE96-48D6-A065-7070B032B878}.Debug|Any CPU.Build.0 = Debug|Any CPU
		{3C357E86-EE96-48D6-A065-7070B032B878}.Release|Any CPU.ActiveCfg = Release|Any CPU
		{3C357E86-EE96-48D6-A065-7070B032B878}.Release|Any CPU.Build.0 = Release|Any CPU
		{59A4B027-6CA1-4479-936E-023C9B251FAE}.Debug|Any CPU.ActiveCfg = Debug|Any CPU
		{59A4B027-6CA1-4479-936E-023C9B251FAE}.Debug|Any CPU.Build.0 = Debug|Any CPU
		{59A4B027-6CA1-4479-936E-023C9B251FAE}.Release|Any CPU.ActiveCfg = Release|Any CPU
		{59A4B027-6CA1-4479-936E-023C9B251FAE}.Release|Any CPU.Build.0 = Release|Any CPU
		{913553F1-13C3-4603-BAAF-56DE9B7E53F4}.Debug|Any CPU.ActiveCfg = Debug|Any CPU
		{913553F1-13C3-4603-BAAF-56DE9B7E53F4}.Debug|Any CPU.Build.0 = Debug|Any CPU
		{913553F1-13C3-4603-BAAF-56DE9B7E53F4}.Release|Any CPU.ActiveCfg = Release|Any CPU
		{913553F1-13C3-4603-BAAF-56DE9B7E53F4}.Release|Any CPU.Build.0 = Release|Any CPU
		{5C3B4586-F470-4A86-A546-83C11FD66D40}.Debug|Any CPU.ActiveCfg = Debug|Any CPU
		{5C3B4586-F470-4A86-A546-83C11FD66D40}.Debug|Any CPU.Build.0 = Debug|Any CPU
		{5C3B4586-F470-4A86-A546-83C11FD66D40}.Release|Any CPU.ActiveCfg = Release|Any CPU
		{5C3B4586-F470-4A86-A546-83C11FD66D40}.Release|Any CPU.Build.0 = Release|Any CPU
		{04ACA79F-F7F7-439B-8432-2B139CBDE51A}.Debug|Any CPU.ActiveCfg = Debug|Any CPU
		{04ACA79F-F7F7-439B-8432-2B139CBDE51A}.Debug|Any CPU.Build.0 = Debug|Any CPU
		{04ACA79F-F7F7-439B-8432-2B139CBDE51A}.Release|Any CPU.ActiveCfg = Release|Any CPU
		{04ACA79F-F7F7-439B-8432-2B139CBDE51A}.Release|Any CPU.Build.0 = Release|Any CPU
		{42429A02-D57F-483D-9044-A3DAB0D663E7}.Debug|Any CPU.ActiveCfg = Debug|Any CPU
		{42429A02-D57F-483D-9044-A3DAB0D663E7}.Debug|Any CPU.Build.0 = Debug|Any CPU
		{42429A02-D57F-483D-9044-A3DAB0D663E7}.Release|Any CPU.ActiveCfg = Release|Any CPU
		{42429A02-D57F-483D-9044-A3DAB0D663E7}.Release|Any CPU.Build.0 = Release|Any CPU
		{22A2F145-A407-425A-AB91-2F23A43EDAFD}.Debug|Any CPU.ActiveCfg = Debug|Any CPU
		{22A2F145-A407-425A-AB91-2F23A43EDAFD}.Debug|Any CPU.Build.0 = Debug|Any CPU
		{22A2F145-A407-425A-AB91-2F23A43EDAFD}.Release|Any CPU.ActiveCfg = Release|Any CPU
		{22A2F145-A407-425A-AB91-2F23A43EDAFD}.Release|Any CPU.Build.0 = Release|Any CPU
	EndGlobalSection
	GlobalSection(SolutionProperties) = preSolution
		HideSolutionNode = FALSE
	EndGlobalSection
	GlobalSection(NestedProjects) = preSolution
		{97D236A0-29B2-4A9D-BB0C-D08DBBF563D0} = {B7630295-2768-4AE6-A885-DC8C3F42B009}
		{3C357E86-EE96-48D6-A065-7070B032B878} = {AC66A92A-2FA7-4A96-A09C-74D10C670ED7}
		{59A4B027-6CA1-4479-936E-023C9B251FAE} = {6D41E418-C14C-4F6E-A300-007BE0DFD613}
		{913553F1-13C3-4603-BAAF-56DE9B7E53F4} = {76C52322-333D-4B37-BCF4-C78611CAAD3E}
		{5C3B4586-F470-4A86-A546-83C11FD66D40} = {3C59B2AE-488D-4164-B773-F028201C274C}
		{04ACA79F-F7F7-439B-8432-2B139CBDE51A} = {00BA5A2F-0233-4E8E-8E31-1F73D43B72A6}
		{42429A02-D57F-483D-9044-A3DAB0D663E7} = {5FD04CBA-6E2B-429F-B35C-F7FF32BE491C}
		{22A2F145-A407-425A-AB91-2F23A43EDAFD} = {31E14B27-D2D7-4AE4-A86C-5DD21032C318}
	EndGlobalSection
	GlobalSection(ExtensibilityGlobals) = postSolution
		SolutionGuid = {06D3D2FB-3174-4B05-A602-FCF06FFB355D}
	EndGlobalSection
EndGlobal
